{
  "version": 4,
  "terraform_version": "1.3.9",
  "serial": 3,
  "lineage": "6aa01ef8-225a-6028-c1e2-807acb6330b5",
  "outputs": {},
  "resources": [
    {
      "mode": "managed",
      "type": "vercel_project",
      "name": "rasajapan-fe",
      "provider": "provider[\"registry.terraform.io/vercel/vercel\"]",
      "instances": [
        {
          "schema_version": 0,
          "attributes": {
            "auto_assign_custom_domains": true,
            "automatically_expose_system_environment_variables": false,
            "build_command": "yarn build",
            "customer_success_code_visibility": false,
            "dev_command": null,
            "directory_listing": false,
            "environment": [
              {
                "git_branch": null,
                "id": "MLSBReFxo3JrlvpT",
                "key": "ENV_EXAMPLE",
                "sensitive": false,
                "target": [
                  "preview",
                  "production"
                ],
                "value": "aiueo"
              }
            ],
            "framework": "nextjs",
            "function_failover": false,
            "git_comments": null,
            "git_fork_protection": true,
            "git_lfs": false,
            "git_repository": {
              "deploy_hooks": null,
              "production_branch": "main",
              "repo": "wrexiv/rasajapan-frontend",
              "type": "github"
            },
            "id": "prj_zAnIZScblMKWXAMAoZBlriz8dqdA",
            "ignore_command": null,
            "install_command": "yarn",
            "name": "rasajapan-fe",
            "options_allowlist": null,
            "output_directory": null,
            "password_protection": null,
            "preview_comments": null,
            "prioritise_production_builds": false,
            "protection_bypass_for_automation": null,
            "protection_bypass_for_automation_secret": null,
            "public_source": null,
            "root_directory": null,
            "serverless_function_region": "hnd1",
            "skew_protection": null,
            "team_id": "team_cUUJOF5e58em9YTg9UnbzH1n",
            "trusted_ips": null,
            "vercel_authentication": {
              "deployment_type": "standard_protection"
            }
          },
          "sensitive_attributes": []
        }
      ]
    }
  ],
  "check_results": null
}
